
Microsoft Visual Studio Solution File, Format Version 12.00
# Visual Studio Version 16
VisualStudioVersion = 16.0.30011.22
MinimumVisualStudioVersion = 10.0.40219.1
Project("{FAE04EC0-301F-11D3-BF4B-00C04F79EFBC}") = "Lab6-PowersTable", "Lab6-PowersTable\Lab6-PowersTable.csproj", "{44B31DCE-2DCF-4903-9182-F6C169F4201B}"
EndProject
Global
	GlobalSection(SolutionConfigurationPlatforms) = preSolution
		Debug|Any CPU = Debug|Any CPU
		Release|Any CPU = Release|Any CPU
	EndGlobalSection
	GlobalSection(ProjectConfigurationPlatforms) = postSolution
		{44B31DCE-2DCF-4903-9182-F6C169F4201B}.Debug|Any CPU.ActiveCfg = Debug|Any CPU
		{44B31DCE-2DCF-4903-9182-F6C169F4201B}.Debug|Any CPU.Build.0 = Debug|Any CPU
		{44B31DCE-2DCF-4903-9182-F6C169F4201B}.Release|Any CPU.ActiveCfg = Release|Any CPU
		{44B31DCE-2DCF-4903-9182-F6C169F4201B}.Release|Any CPU.Build.0 = Release|Any CPU
	EndGlobalSection
	GlobalSection(SolutionProperties) = preSolution
		HideSolutionNode = FALSE
	EndGlobalSection
	GlobalSection(ExtensibilityGlobals) = postSolution
		SolutionGuid = {6C64DB19-A132-4D60-9A65-E03239A45061}
	EndGlobalSection
EndGlobal
